// !$*UTF8*$!
{
	archiveVersion = 1;
	classes = {
	};
	objectVersion = 46;
	objects = {

/* Begin PBXBuildFile section */
		275666391E03788200A36EB4 /* AppDelegate.swift in Sources */ = {isa = PBXBuildFile; fileRef = 275666381E03788200A36EB4 /* AppDelegate.swift */; };
		2756663B1E03788200A36EB4 /* ViewController.swift in Sources */ = {isa = PBXBuildFile; fileRef = 2756663A1E03788200A36EB4 /* ViewController.swift */; };
		2756663E1E03788200A36EB4 /* Main.storyboard in Resources */ = {isa = PBXBuildFile; fileRef = 2756663C1E03788200A36EB4 /* Main.storyboard */; };
		275666401E03788300A36EB4 /* Assets.xcassets in Resources */ = {isa = PBXBuildFile; fileRef = 2756663F1E03788300A36EB4 /* Assets.xcassets */; };
		275666431E03788300A36EB4 /* LaunchScreen.storyboard in Resources */ = {isa = PBXBuildFile; fileRef = 275666411E03788300A36EB4 /* LaunchScreen.storyboard */; };
		2756664E1E03788300A36EB4 /* SampleATests.swift in Sources */ = {isa = PBXBuildFile; fileRef = 2756664D1E03788300A36EB4 /* SampleATests.swift */; };
		DA89AA20E61A8EB3EE621CF4 /* Pods_SampleA.framework in Frameworks */ = {isa = PBXBuildFile; fileRef = 56FCE0BA2E972E56804B864A /* Pods_SampleA.framework */; };
/* End PBXBuildFile section */

/* Begin PBXContainerItemProxy section */
		2756664A1E03788300A36EB4 /* PBXContainerItemProxy */ = {
			isa = PBXContainerItemProxy;
			containerPortal = 2756662D1E03788200A36EB4 /* Project object */;
			proxyType = 1;
			remoteGlobalIDString = 275666341E03788200A36EB4;
			remoteInfo = SampleA;
		};
/* End PBXContainerItemProxy section */

/* Begin PBXFileReference section */
		275666351E03788200A36EB4 /* SampleA.app */ = {isa = PBXFileReference; explicitFileType = wrapper.application; includeInIndex = 0; path = SampleA.app; sourceTree = BUILT_PRODUCTS_DIR; };
		275666381E03788200A36EB4 /* AppDelegate.swift */ = {isa = PBXFileReference; lastKnownFileType = sourcecode.swift; path = AppDelegate.swift; sourceTree = "<group>"; };
		2756663A1E03788200A36EB4 /* ViewController.swift */ = {isa = PBXFileReference; lastKnownFileType = sourcecode.swift; path = ViewController.swift; sourceTree = "<group>"; };
		2756663D1E03788200A36EB4 /* Base */ = {isa = PBXFileReference; lastKnownFileType = file.storyboard; name = Base; path = Base.lproj/Main.storyboard; sourceTree = "<group>"; };
		2756663F1E03788300A36EB4 /* Assets.xcassets */ = {isa = PBXFileReference; lastKnownFileType = folder.assetcatalog; path = Assets.xcassets; sourceTree = "<group>"; };
		275666421E03788300A36EB4 /* Base */ = {isa = PBXFileReference; lastKnownFileType = file.storyboard; name = Base; path = Base.lproj/LaunchScreen.storyboard; sourceTree = "<group>"; };
		275666441E03788300A36EB4 /* Info.plist */ = {isa = PBXFileReference; lastKnownFileType = text.plist.xml; path = Info.plist; sourceTree = "<group>"; };
		275666491E03788300A36EB4 /* SampleATests.xctest */ = {isa = PBXFileReference; explicitFileType = wrapper.cfbundle; includeInIndex = 0; path = SampleATests.xctest; sourceTree = BUILT_PRODUCTS_DIR; };
		2756664D1E03788300A36EB4 /* SampleATests.swift */ = {isa = PBXFileReference; lastKnownFileType = sourcecode.swift; path = SampleATests.swift; sourceTree = "<group>"; };
		2756664F1E03788300A36EB4 /* Info.plist */ = {isa = PBXFileReference; lastKnownFileType = text.plist.xml; path = Info.plist; sourceTree = "<group>"; };
		56FCE0BA2E972E56804B864A /* Pods_SampleA.framework */ = {isa = PBXFileReference; explicitFileType = wrapper.framework; includeInIndex = 0; path = Pods_SampleA.framework; sourceTree = BUILT_PRODUCTS_DIR; };
		8299EF51F8D391469EA23F5E /* Pods-SampleA.debug.xcconfig */ = {isa = PBXFileReference; includeInIndex = 1; lastKnownFileType = text.xcconfig; name = "Pods-SampleA.debug.xcconfig"; path = "../Pods/Target Support Files/Pods-SampleA/Pods-SampleA.debug.xcconfig"; sourceTree = "<group>"; };
		86788E46968CC9582D4EE979 /* Pods-SampleA.release.xcconfig */ = {isa = PBXFileReference; includeInIndex = 1; lastKnownFileType = text.xcconfig; name = "Pods-SampleA.release.xcconfig"; path = "../Pods/Target Support Files/Pods-SampleA/Pods-SampleA.release.xcconfig"; sourceTree = "<group>"; };
/* End PBXFileReference section */

/* Begin PBXFrameworksBuildPhase section */
		275666321E03788200A36EB4 /* Frameworks */ = {
			isa = PBXFrameworksBuildPhase;
			buildActionMask = 2147483647;
			files = (
				DA89AA20E61A8EB3EE621CF4 /* Pods_SampleA.framework in Frameworks */,
			);
			runOnlyForDeploymentPostprocessing = 0;
		};
		275666461E03788300A36EB4 /* Frameworks */ = {
			isa = PBXFrameworksBuildPhase;
			buildActionMask = 2147483647;
			files = (
			);
			runOnlyForDeploymentPostprocessing = 0;
		};
/* End PBXFrameworksBuildPhase section */

/* Begin PBXGroup section */
		1BDE2C8E275210FBA9AAB46A /* Pods */ = {
			isa = PBXGroup;
			children = (
				8299EF51F8D391469EA23F5E /* Pods-SampleA.debug.xcconfig */,
				86788E46968CC9582D4EE979 /* Pods-SampleA.release.xcconfig */,
			);
			name = Pods;
			sourceTree = "<group>";
		};
		2756662C1E03788200A36EB4 = {
			isa = PBXGroup;
			children = (
				275666371E03788200A36EB4 /* SampleA */,
				2756664C1E03788300A36EB4 /* SampleATests */,
				275666361E03788200A36EB4 /* Products */,
				1BDE2C8E275210FBA9AAB46A /* Pods */,
				3ED5FE3EC00BE63926661C11 /* Frameworks */,
			);
			sourceTree = "<group>";
		};
		275666361E03788200A36EB4 /* Products */ = {
			isa = PBXGroup;
			children = (
				275666351E03788200A36EB4 /* SampleA.app */,
				275666491E03788300A36EB4 /* SampleATests.xctest */,
			);
			name = Products;
			sourceTree = "<group>";
		};
		275666371E03788200A36EB4 /* SampleA */ = {
			isa = PBXGroup;
			children = (
				275666381E03788200A36EB4 /* AppDelegate.swift */,
				2756663A1E03788200A36EB4 /* ViewController.swift */,
				2756663C1E03788200A36EB4 /* Main.storyboard */,
				2756663F1E03788300A36EB4 /* Assets.xcassets */,
				275666411E03788300A36EB4 /* LaunchScreen.storyboard */,
				275666441E03788300A36EB4 /* Info.plist */,
			);
			path = SampleA;
			sourceTree = "<group>";
		};
		2756664C1E03788300A36EB4 /* SampleATests */ = {
			isa = PBXGroup;
			children = (
				2756664D1E03788300A36EB4 /* SampleATests.swift */,
				2756664F1E03788300A36EB4 /* Info.plist */,
			);
			path = SampleATests;
			sourceTree = "<group>";
		};
		3ED5FE3EC00BE63926661C11 /* Frameworks */ = {
			isa = PBXGroup;
			children = (
				56FCE0BA2E972E56804B864A /* Pods_SampleA.framework */,
			);
			name = Frameworks;
			sourceTree = "<group>";
		};
/* End PBXGroup section */

/* Begin PBXNativeTarget section */
		275666341E03788200A36EB4 /* SampleA */ = {
			isa = PBXNativeTarget;
			buildConfigurationList = 275666521E03788300A36EB4 /* Build configuration list for PBXNativeTarget "SampleA" */;
			buildPhases = (
				051434F18B519D667C80CCCC /* [CP] Check Pods Manifest.lock */,
				275666311E03788200A36EB4 /* Sources */,
				275666321E03788200A36EB4 /* Frameworks */,
				275666331E03788200A36EB4 /* Resources */,
				E9CD837607F6A1A01BA56521 /* [CP] Embed Pods Frameworks */,
				081473BEF5973583CE3FF920 /* [CP] Copy Pods Resources */,
			);
			buildRules = (
			);
			dependencies = (
			);
			name = SampleA;
			productName = SampleA;
			productReference = 275666351E03788200A36EB4 /* SampleA.app */;
			productType = "com.apple.product-type.application";
		};
		275666481E03788300A36EB4 /* SampleATests */ = {
			isa = PBXNativeTarget;
			buildConfigurationList = 275666551E03788300A36EB4 /* Build configuration list for PBXNativeTarget "SampleATests" */;
			buildPhases = (
				275666451E03788300A36EB4 /* Sources */,
				275666461E03788300A36EB4 /* Frameworks */,
				275666471E03788300A36EB4 /* Resources */,
			);
			buildRules = (
			);
			dependencies = (
				2756664B1E03788300A36EB4 /* PBXTargetDependency */,
			);
			name = SampleATests;
			productName = SampleATests;
			productReference = 275666491E03788300A36EB4 /* SampleATests.xctest */;
			productType = "com.apple.product-type.bundle.unit-test";
		};
/* End PBXNativeTarget section */

/* Begin PBXProject section */
		2756662D1E03788200A36EB4 /* Project object */ = {
			isa = PBXProject;
			attributes = {
				LastSwiftUpdateCheck = 0820;
				LastUpgradeCheck = 0820;
				ORGANIZATIONNAME = Acme;
				TargetAttributes = {
					275666341E03788200A36EB4 = {
						CreatedOnToolsVersion = 8.2;
						ProvisioningStyle = Automatic;
					};
					275666481E03788300A36EB4 = {
						CreatedOnToolsVersion = 8.2;
						ProvisioningStyle = Automatic;
						TestTargetID = 275666341E03788200A36EB4;
					};
				};
			};
			buildConfigurationList = 275666301E03788200A36EB4 /* Build configuration list for PBXProject "SampleA" */;
			compatibilityVersion = "Xcode 3.2";
			developmentRegion = English;
			hasScannedForEncodings = 0;
			knownRegions = (
				en,
				Base,
			);
			mainGroup = 2756662C1E03788200A36EB4;
			productRefGroup = 275666361E03788200A36EB4 /* Products */;
			projectDirPath = "";
			projectRoot = "";
			targets = (
				275666341E03788200A36EB4 /* SampleA */,
				275666481E03788300A36EB4 /* SampleATests */,
			);
		};
/* End PBXProject section */

/* Begin PBXResourcesBuildPhase section */
		275666331E03788200A36EB4 /* Resources */ = {
			isa = PBXResourcesBuildPhase;
			buildActionMask = 2147483647;
			files = (
				275666431E03788300A36EB4 /* LaunchScreen.storyboard in Resources */,
				275666401E03788300A36EB4 /* Assets.xcassets in Resources */,
				2756663E1E03788200A36EB4 /* Main.storyboard in Resources */,
			);
			runOnlyForDeploymentPostprocessing = 0;
		};
		275666471E03788300A36EB4 /* Resources */ = {
			isa = PBXResourcesBuildPhase;
			buildActionMask = 2147483647;
			files = (
			);
			runOnlyForDeploymentPostprocessing = 0;
		};
/* End PBXResourcesBuildPhase section */

/* Begin PBXShellScriptBuildPhase section */
		051434F18B519D667C80CCCC /* [CP] Check Pods Manifest.lock */ = {
			isa = PBXShellScriptBuildPhase;
			buildActionMask = 2147483647;
			files = (
			);
			inputPaths = (
			);
			name = "[CP] Check Pods Manifest.lock";
			outputPaths = (
			);
			runOnlyForDeploymentPostprocessing = 0;
			shellPath = /bin/sh;
			shellScript = "diff \"${PODS_ROOT}/../Podfile.lock\" \"${PODS_ROOT}/Manifest.lock\" > /dev/null\nif [ $? != 0 ] ; then\n    # print error to STDERR\n    echo \"error: The sandbox is not in sync with the Podfile.lock. Run 'pod install' or update your CocoaPods installation.\" >&2\n    exit 1\nfi\n";
			showEnvVarsInLog = 0;
		};
		081473BEF5973583CE3FF920 /* [CP] Copy Pods Resources */ = {
			isa = PBXShellScriptBuildPhase;
			buildActionMask = 2147483647;
			files = (
			);
			inputPaths = (
			);
			name = "[CP] Copy Pods Resources";
			outputPaths = (
			);
			runOnlyForDeploymentPostprocessing = 0;
			shellPath = /bin/sh;
			shellScript = "\"${SRCROOT}/../Pods/Target Support Files/Pods-SampleA/Pods-SampleA-resources.sh\"\n";
			showEnvVarsInLog = 0;
		};
		E9CD837607F6A1A01BA56521 /* [CP] Embed Pods Frameworks */ = {
			isa = PBXShellScriptBuildPhase;
			buildActionMask = 2147483647;
			files = (
			);
			inputPaths = (
			);
			name = "[CP] Embed Pods Frameworks";
			outputPaths = (
			);
			runOnlyForDeploymentPostprocessing = 0;
			shellPath = /bin/sh;
			shellScript = "\"${SRCROOT}/../Pods/Target Support Files/Pods-SampleA/Pods-SampleA-frameworks.sh\"\n";
			showEnvVarsInLog = 0;
		};
/* End PBXShellScriptBuildPhase section */

/* Begin PBXSourcesBuildPhase section */
		275666311E03788200A36EB4 /* Sources */ = {
			isa = PBXSourcesBuildPhase;
			buildActionMask = 2147483647;
			files = (
				2756663B1E03788200A36EB4 /* ViewController.swift in Sources */,
				275666391E03788200A36EB4 /* AppDelegate.swift in Sources */,
			);
			runOnlyForDeploymentPostprocessing = 0;
		};
		275666451E03788300A36EB4 /* Sources */ = {
			isa = PBXSourcesBuildPhase;
			buildActionMask = 2147483647;
			files = (
				2756664E1E03788300A36EB4 /* SampleATests.swift in Sources */,
			);
			runOnlyForDeploymentPostprocessing = 0;
		};
/* End PBXSourcesBuildPhase section */

/* Begin PBXTargetDependency section */
		2756664B1E03788300A36EB4 /* PBXTargetDependency */ = {
			isa = PBXTargetDependency;
			target = 275666341E03788200A36EB4 /* SampleA */;
			targetProxy = 2756664A1E03788300A36EB4 /* PBXContainerItemProxy */;
		};
/* End PBXTargetDependency section */

/* Begin PBXVariantGroup section */
		2756663C1E03788200A36EB4 /* Main.storyboard */ = {
			isa = PBXVariantGroup;
			children = (
				2756663D1E03788200A36EB4 /* Base */,
			);
			name = Main.storyboard;
			sourceTree = "<group>";
		};
		275666411E03788300A36EB4 /* LaunchScreen.storyboard */ = {
			isa = PBXVariantGroup;
			children = (
				275666421E03788300A36EB4 /* Base */,
			);
			name = LaunchScreen.storyboard;
			sourceTree = "<group>";
		};
/* End PBXVariantGroup section */

/* Begin XCBuildConfiguration section */
		275666501E03788300A36EB4 /* Debug */ = {
			isa = XCBuildConfiguration;
			buildSettings = {
				ALWAYS_SEARCH_USER_PATHS = NO;
				CLANG_ANALYZER_NONNULL = YES;
				CLANG_CXX_LANGUAGE_STANDARD = "gnu++0x";
				CLANG_CXX_LIBRARY = "libc++";
				CLANG_ENABLE_MODULES = YES;
				CLANG_ENABLE_OBJC_ARC = YES;
				CLANG_WARN_BOOL_CONVERSION = YES;
				CLANG_WARN_CONSTANT_CONVERSION = YES;
				CLANG_WARN_DIRECT_OBJC_ISA_USAGE = YES_ERROR;
				CLANG_WARN_DOCUMENTATION_COMMENTS = YES;
				CLANG_WARN_EMPTY_BODY = YES;
				CLANG_WARN_ENUM_CONVERSION = YES;
				CLANG_WARN_INFINITE_RECURSION = YES;
				CLANG_WARN_INT_CONVERSION = YES;
				CLANG_WARN_OBJC_ROOT_CLASS = YES_ERROR;
				CLANG_WARN_SUSPICIOUS_MOVE = YES;
				CLANG_WARN_UNREACHABLE_CODE = YES;
				CLANG_WARN__DUPLICATE_METHOD_MATCH = YES;
				"CODE_SIGN_IDENTITY[sdk=iphoneos*]" = "iPhone Developer";
				COPY_PHASE_STRIP = NO;
				DEBUG_INFORMATION_FORMAT = dwarf;
				ENABLE_STRICT_OBJC_MSGSEND = YES;
				ENABLE_TESTABILITY = YES;
				GCC_C_LANGUAGE_STANDARD = gnu99;
				GCC_DYNAMIC_NO_PIC = NO;
				GCC_NO_COMMON_BLOCKS = YES;
				GCC_OPTIMIZATION_LEVEL = 0;
				GCC_PREPROCESSOR_DEFINITIONS = (
					"DEBUG=1",
					"$(inherited)",
				);
				GCC_WARN_64_TO_32_BIT_CONVERSION = YES;
				GCC_WARN_ABOUT_RETURN_TYPE = YES_ERROR;
				GCC_WARN_UNDECLARED_SELECTOR = YES;
				GCC_WARN_UNINITIALIZED_AUTOS = YES_AGGRESSIVE;
				GCC_WARN_UNUSED_FUNCTION = YES;
				GCC_WARN_UNUSED_VARIABLE = YES;
				IPHONEOS_DEPLOYMENT_TARGET = 10.2;
				MTL_ENABLE_DEBUG_INFO = YES;
				ONLY_ACTIVE_ARCH = YES;
				SDKROOT = iphoneos;
				SWIFT_ACTIVE_COMPILATION_CONDITIONS = DEBUG;
				SWIFT_OPTIMIZATION_LEVEL = "-Onone";
			};
			name = Debug;
		};
		275666511E03788300A36EB4 /* Release */ = {
			isa = XCBuildConfiguration;
			buildSettings = {
				ALWAYS_SEARCH_USER_PATHS = NO;
				CLANG_ANALYZER_NONNULL = YES;
				CLANG_CXX_LANGUAGE_STANDARD = "gnu++0x";
				CLANG_CXX_LIBRARY = "libc++";
				CLANG_ENABLE_MODULES = YES;
				CLANG_ENABLE_OBJC_ARC = YES;
				CLANG_WARN_BOOL_CONVERSION = YES;
				CLANG_WARN_CONSTANT_CONVERSION = YES;
				CLANG_WARN_DIRECT_OBJC_ISA_USAGE = YES_ERROR;
				CLANG_WARN_DOCUMENTATION_COMMENTS = YES;
				CLANG_WARN_EMPTY_BODY = YES;
				CLANG_WARN_ENUM_CONVERSION = YES;
				CLANG_WARN_INFINITE_RECURSION = YES;
				CLANG_WARN_INT_CONVERSION = YES;
				CLANG_WARN_OBJC_ROOT_CLASS = YES_ERROR;
				CLANG_WARN_SUSPICIOUS_MOVE = YES;
				CLANG_WARN_UNREACHABLE_CODE = YES;
				CLANG_WARN__DUPLICATE_METHOD_MATCH = YES;
				"CODE_SIGN_IDENTITY[sdk=iphoneos*]" = "iPhone Developer";
				COPY_PHASE_STRIP = NO;
				DEBUG_INFORMATION_FORMAT = "dwarf-with-dsym";
				ENABLE_NS_ASSERTIONS = NO;
				ENABLE_STRICT_OBJC_MSGSEND = YES;
				GCC_C_LANGUAGE_STANDARD = gnu99;
				GCC_NO_COMMON_BLOCKS = YES;
				GCC_WARN_64_TO_32_BIT_CONVERSION = YES;
				GCC_WARN_ABOUT_RETURN_TYPE = YES_ERROR;
				GCC_WARN_UNDECLARED_SELECTOR = YES;
				GCC_WARN_UNINITIALIZED_AUTOS = YES_AGGRESSIVE;
				GCC_WARN_UNUSED_FUNCTION = YES;
				GCC_WARN_UNUSED_VARIABLE = YES;
				IPHONEOS_DEPLOYMENT_TARGET = 10.2;
				MTL_ENABLE_DEBUG_INFO = NO;
				SDKROOT = iphoneos;
				SWIFT_OPTIMIZATION_LEVEL = "-Owholemodule";
				VALIDATE_PRODUCT = YES;
			};
			name = Release;
		};
		275666531E03788300A36EB4 /* Debug */ = {
			isa = XCBuildConfiguration;
			baseConfigurationReference = 8299EF51F8D391469EA23F5E /* Pods-SampleA.debug.xcconfig */;
			buildSettings = {
				ASSETCATALOG_COMPILER_APPICON_NAME = AppIcon;
				INFOPLIST_FILE = SampleA/Info.plist;
				LD_RUNPATH_SEARCH_PATHS = "$(inherited) @executable_path/Frameworks";
				PRODUCT_BUNDLE_IDENTIFIER = com.acme.SampleA;
				PRODUCT_NAME = "$(TARGET_NAME)";
				SWIFT_VERSION = 3.0;
			};
			name = Debug;
		};
		275666541E03788300A36EB4 /* Release */ = {
			isa = XCBuildConfiguration;
			baseConfigurationReference = 86788E46968CC9582D4EE979 /* Pods-SampleA.release.xcconfig */;
			buildSettings = {
				ASSETCATALOG_COMPILER_APPICON_NAME = AppIcon;
				INFOPLIST_FILE = SampleA/Info.plist;
				LD_RUNPATH_SEARCH_PATHS = "$(inherited) @executable_path/Frameworks";
				PRODUCT_BUNDLE_IDENTIFIER = com.acme.SampleA;
				PRODUCT_NAME = "$(TARGET_NAME)";
				SWIFT_VERSION = 3.0;
			};
			name = Release;
		};
		275666561E03788300A36EB4 /* Debug */ = {
			isa = XCBuildConfiguration;
			buildSettings = {
				ALWAYS_EMBED_SWIFT_STANDARD_LIBRARIES = YES;
				BUNDLE_LOADER = "$(TEST_HOST)";
				INFOPLIST_FILE = SampleATests/Info.plist;
				LD_RUNPATH_SEARCH_PATHS = "$(inherited) @executable_path/Frameworks @loader_path/Frameworks";
				PRODUCT_BUNDLE_IDENTIFIER = com.acme.SampleATests;
				PRODUCT_NAME = "$(TARGET_NAME)";
				SWIFT_VERSION = 3.0;
				TEST_HOST = "$(BUILT_PRODUCTS_DIR)/SampleA.app/SampleA";
			};
			name = Debug;
		};
		275666571E03788300A36EB4 /* Release */ = {
			isa = XCBuildConfiguration;
			buildSettings = {
				ALWAYS_EMBED_SWIFT_STANDARD_LIBRARIES = YES;
				BUNDLE_LOADER = "$(TEST_HOST)";
				INFOPLIST_FILE = SampleATests/Info.plist;
				LD_RUNPATH_SEARCH_PATHS = "$(inherited) @executable_path/Frameworks @loader_path/Frameworks";
				PRODUCT_BUNDLE_IDENTIFIER = com.acme.SampleATests;
				PRODUCT_NAME = "$(TARGET_NAME)";
				SWIFT_VERSION = 3.0;
				TEST_HOST = "$(BUILT_PRODUCTS_DIR)/SampleA.app/SampleA";
			};
			name = Release;
		};
/* End XCBuildConfiguration section */

/* Begin XCConfigurationList section */
		275666301E03788200A36EB4 /* Build configuration list for PBXProject "SampleA" */ = {
			isa = XCConfigurationList;
			buildConfigurations = (
				275666501E03788300A36EB4 /* Debug */,
				275666511E03788300A36EB4 /* Release */,
			);
			defaultConfigurationIsVisible = 0;
			defaultConfigurationName = Release;
		};
		275666521E03788300A36EB4 /* Build configuration list for PBXNativeTarget "SampleA" */ = {
			isa = XCConfigurationList;
			buildConfigurations = (
				275666531E03788300A36EB4 /* Debug */,
				275666541E03788300A36EB4 /* Release */,
			);
			defaultConfigurationIsVisible = 0;
		};
		275666551E03788300A36EB4 /* Build configuration list for PBXNativeTarget "SampleATests" */ = {
			isa = XCConfigurationList;
			buildConfigurations = (
				275666561E03788300A36EB4 /* Debug */,
				275666571E03788300A36EB4 /* Release */,
			);
			defaultConfigurationIsVisible = 0;
		};
/* End XCConfigurationList section */
	};
	rootObject = 2756662D1E03788200A36EB4 /* Project object */;
}
